
Microsoft Visual Studio Solution File, Format Version 12.00
Project("{FAE04EC0-301F-11D3-BF4B-00C04F79EFBC}") = "TwoPointerReverseWord", "TwoPointerReverseWord\TwoPointerReverseWord.csproj", "{A45DCD09-E2C4-4096-AA1C-AEA3A708C5B0}"
EndProject
Global
	GlobalSection(SolutionConfigurationPlatforms) = preSolution
		Debug|Any CPU = Debug|Any CPU
		Release|Any CPU = Release|Any CPU
	EndGlobalSection
	GlobalSection(ProjectConfigurationPlatforms) = postSolution
		{A45DCD09-E2C4-4096-AA1C-AEA3A708C5B0}.Debug|Any CPU.ActiveCfg = Debug|Any CPU
		{A45DCD09-E2C4-4096-AA1C-AEA3A708C5B0}.Debug|Any CPU.Build.0 = Debug|Any CPU
		{A45DCD09-E2C4-4096-AA1C-AEA3A708C5B0}.Release|Any CPU.ActiveCfg = Release|Any CPU
		{A45DCD09-E2C4-4096-AA1C-AEA3A708C5B0}.Release|Any CPU.Build.0 = Release|Any CPU
	EndGlobalSection
EndGlobal
